<Solution>
  <Folder Name="/src/">
    <Project Path="D:/Coding/C#/ASP .NET CORE/RealProjects/ExpenseLedger/Server/src/Application/Application.csproj" />
    <Project Path="D:/Coding/C#/ASP .NET CORE/RealProjects/ExpenseLedger/Server/src/Domain/Domain.csproj" />
    <Project Path="D:/Coding/C#/ASP .NET CORE/RealProjects/ExpenseLedger/Server/src/Host/Host.csproj" />
    <Project Path="D:/Coding/C#/ASP .NET CORE/RealProjects/ExpenseLedger/Server/src/Infrastructure/Infrastructure.csproj" />
  </Folder>
  <Folder Name="/Tests/">
    <Project Path="D:/Coding/C#/ASP .NET CORE/RealProjects/ExpenseLedger/Server/Tests/IntegrationTests/IntegrationTests.csproj" />
    <Project Path="D:/Coding/C#/ASP .NET CORE/RealProjects/ExpenseLedger/Server/Tests/UnitTests/UnitTests.csproj" />
  </Folder>
</Solution>
